
Microsoft Visual Studio Solution File, Format Version 12.00
# Visual Studio Version 17
VisualStudioVersion = 17.9.34607.119
MinimumVisualStudioVersion = 10.0.40219.1
Project("{FAE04EC0-301F-11D3-BF4B-00C04F79EFBC}") = "4.unite uygulama 4", "4.unite uygulama 4\4.unite uygulama 4.csproj", "{7352E9C1-F414-41F0-A178-E6265F3017E6}"
EndProject
Global
	GlobalSection(SolutionConfigurationPlatforms) = preSolution
		Debug|Any CPU = Debug|Any CPU
		Release|Any CPU = Release|Any CPU
	EndGlobalSection
	GlobalSection(ProjectConfigurationPlatforms) = postSolution
		{7352E9C1-F414-41F0-A178-E6265F3017E6}.Debug|Any CPU.ActiveCfg = Debug|Any CPU
		{7352E9C1-F414-41F0-A178-E6265F3017E6}.Debug|Any CPU.Build.0 = Debug|Any CPU
		{7352E9C1-F414-41F0-A178-E6265F3017E6}.Release|Any CPU.ActiveCfg = Release|Any CPU
		{7352E9C1-F414-41F0-A178-E6265F3017E6}.Release|Any CPU.Build.0 = Release|Any CPU
	EndGlobalSection
	GlobalSection(SolutionProperties) = preSolution
		HideSolutionNode = FALSE
	EndGlobalSection
	GlobalSection(ExtensibilityGlobals) = postSolution
		SolutionGuid = {9719E4CD-9533-4C4B-8E22-9008067ABF9E}
	EndGlobalSection
EndGlobal
